
Microsoft Visual Studio Solution File, Format Version 12.00
# Visual Studio Version 16
VisualStudioVersion = 16.0.31205.134
MinimumVisualStudioVersion = 10.0.40219.1
Project("{FAE04EC0-301F-11D3-BF4B-00C04F79EFBC}") = "skori", "skori.csproj", "{079ADA0F-2892-412B-BEE2-7DD07B8BBFBE}"
EndProject
Global
	GlobalSection(SolutionConfigurationPlatforms) = preSolution
		Debug|Any CPU = Debug|Any CPU
		Release|Any CPU = Release|Any CPU
	EndGlobalSection
	GlobalSection(ProjectConfigurationPlatforms) = postSolution
		{079ADA0F-2892-412B-BEE2-7DD07B8BBFBE}.Debug|Any CPU.ActiveCfg = Debug|Any CPU
		{079ADA0F-2892-412B-BEE2-7DD07B8BBFBE}.Debug|Any CPU.Build.0 = Debug|Any CPU
		{079ADA0F-2892-412B-BEE2-7DD07B8BBFBE}.Release|Any CPU.ActiveCfg = Release|Any CPU
		{079ADA0F-2892-412B-BEE2-7DD07B8BBFBE}.Release|Any CPU.Build.0 = Release|Any CPU
	EndGlobalSection
	GlobalSection(SolutionProperties) = preSolution
		HideSolutionNode = FALSE
	EndGlobalSection
	GlobalSection(ExtensibilityGlobals) = postSolution
		SolutionGuid = {1B81B665-DC7E-417D-82DE-89E0A2D55FB0}
	EndGlobalSection
EndGlobal
