
Microsoft Visual Studio Solution File, Format Version 12.00
# Visual Studio Version 16
VisualStudioVersion = 16.0.31313.79
MinimumVisualStudioVersion = 10.0.40219.1
Project("{9A19103F-16F7-4668-BE54-9A1E7A4F7556}") = "ContosoUniversity", "ContosoUniversity.csproj", "{ED280D4B-F1FC-49EC-A535-816E75AA64BA}"
EndProject
Project("{FAE04EC0-301F-11D3-BF4B-00C04F79EFBC}") = "FormLiczniki", "..\FormLiczniki\FormLiczniki.csproj", "{BAF3CA69-653A-445F-B719-CCDDB9B8D134}"
EndProject
Global
	GlobalSection(SolutionConfigurationPlatforms) = preSolution
		Debug|Any CPU = Debug|Any CPU
		Release|Any CPU = Release|Any CPU
	EndGlobalSection
	GlobalSection(ProjectConfigurationPlatforms) = postSolution
		{ED280D4B-F1FC-49EC-A535-816E75AA64BA}.Debug|Any CPU.ActiveCfg = Debug|Any CPU
		{ED280D4B-F1FC-49EC-A535-816E75AA64BA}.Debug|Any CPU.Build.0 = Debug|Any CPU
		{ED280D4B-F1FC-49EC-A535-816E75AA64BA}.Release|Any CPU.ActiveCfg = Release|Any CPU
		{ED280D4B-F1FC-49EC-A535-816E75AA64BA}.Release|Any CPU.Build.0 = Release|Any CPU
		{BAF3CA69-653A-445F-B719-CCDDB9B8D134}.Debug|Any CPU.ActiveCfg = Debug|Any CPU
		{BAF3CA69-653A-445F-B719-CCDDB9B8D134}.Debug|Any CPU.Build.0 = Debug|Any CPU
		{BAF3CA69-653A-445F-B719-CCDDB9B8D134}.Release|Any CPU.ActiveCfg = Release|Any CPU
		{BAF3CA69-653A-445F-B719-CCDDB9B8D134}.Release|Any CPU.Build.0 = Release|Any CPU
	EndGlobalSection
	GlobalSection(SolutionProperties) = preSolution
		HideSolutionNode = FALSE
	EndGlobalSection
	GlobalSection(ExtensibilityGlobals) = postSolution
		SolutionGuid = {D611546E-4839-4E50-93D6-0A7A684EA952}
	EndGlobalSection
EndGlobal
